
Microsoft Visual Studio Solution File, Format Version 12.00
# Visual Studio Version 17
VisualStudioVersion = 17.11.35312.102
MinimumVisualStudioVersion = 10.0.40219.1
Project("{2150E333-8FDC-42A3-9474-1A3956D46DE8}") = "src", "src", "{AC2F052C-1624-4617-9626-726E5D8F416C}"
EndProject
Project("{2150E333-8FDC-42A3-9474-1A3956D46DE8}") = "tests", "tests", "{B58D5788-9830-4175-BBE2-743E2DA5B186}"
EndProject
Project("{FAE04EC0-301F-11D3-BF4B-00C04F79EFBC}") = "DataAccess", "src\DataAccess\DataAccess.csproj", "{D37EC4D2-87D3-470F-A599-7B7F26DCA3C6}"
EndProject
Project("{FAE04EC0-301F-11D3-BF4B-00C04F79EFBC}") = "WebAPI", "src\WebAPI\WebAPI.csproj", "{6DBCDBC8-702F-4AA9-BB37-EE32EBC383E6}"
	ProjectSection(ProjectDependencies) = postProject
		{D37EC4D2-87D3-470F-A599-7B7F26DCA3C6} = {D37EC4D2-87D3-470F-A599-7B7F26DCA3C6}
	EndProjectSection
EndProject
Global
	GlobalSection(SolutionConfigurationPlatforms) = preSolution
		Debug|Any CPU = Debug|Any CPU
		Release|Any CPU = Release|Any CPU
	EndGlobalSection
	GlobalSection(ProjectConfigurationPlatforms) = postSolution
		{D37EC4D2-87D3-470F-A599-7B7F26DCA3C6}.Debug|Any CPU.ActiveCfg = Debug|Any CPU
		{D37EC4D2-87D3-470F-A599-7B7F26DCA3C6}.Debug|Any CPU.Build.0 = Debug|Any CPU
		{D37EC4D2-87D3-470F-A599-7B7F26DCA3C6}.Release|Any CPU.ActiveCfg = Release|Any CPU
		{D37EC4D2-87D3-470F-A599-7B7F26DCA3C6}.Release|Any CPU.Build.0 = Release|Any CPU
		{6DBCDBC8-702F-4AA9-BB37-EE32EBC383E6}.Debug|Any CPU.ActiveCfg = Debug|Any CPU
		{6DBCDBC8-702F-4AA9-BB37-EE32EBC383E6}.Debug|Any CPU.Build.0 = Debug|Any CPU
		{6DBCDBC8-702F-4AA9-BB37-EE32EBC383E6}.Release|Any CPU.ActiveCfg = Release|Any CPU
		{6DBCDBC8-702F-4AA9-BB37-EE32EBC383E6}.Release|Any CPU.Build.0 = Release|Any CPU
	EndGlobalSection
	GlobalSection(SolutionProperties) = preSolution
		HideSolutionNode = FALSE
	EndGlobalSection
	GlobalSection(NestedProjects) = preSolution
		{D37EC4D2-87D3-470F-A599-7B7F26DCA3C6} = {AC2F052C-1624-4617-9626-726E5D8F416C}
		{6DBCDBC8-702F-4AA9-BB37-EE32EBC383E6} = {AC2F052C-1624-4617-9626-726E5D8F416C}
	EndGlobalSection
	GlobalSection(ExtensibilityGlobals) = postSolution
		SolutionGuid = {854C59E5-4548-4FB6-AD32-FF874AA12B81}
	EndGlobalSection
EndGlobal
